
Microsoft Visual Studio Solution File, Format Version 12.00
# Visual Studio Version 17
VisualStudioVersion = 17.5.33502.453
MinimumVisualStudioVersion = 10.0.40219.1
Project("{FAE04EC0-301F-11D3-BF4B-00C04F79EFBC}") = "ConsoleApp1", "ConsoleApp1\ConsoleApp1.csproj", "{1CF7CD3E-7B91-44D7-9150-9C8985A48FDB}"
EndProject
Global
	GlobalSection(SolutionConfigurationPlatforms) = preSolution
		Debug|Any CPU = Debug|Any CPU
		Release|Any CPU = Release|Any CPU
	EndGlobalSection
	GlobalSection(ProjectConfigurationPlatforms) = postSolution
		{1CF7CD3E-7B91-44D7-9150-9C8985A48FDB}.Debug|Any CPU.ActiveCfg = Debug|Any CPU
		{1CF7CD3E-7B91-44D7-9150-9C8985A48FDB}.Debug|Any CPU.Build.0 = Debug|Any CPU
		{1CF7CD3E-7B91-44D7-9150-9C8985A48FDB}.Release|Any CPU.ActiveCfg = Release|Any CPU
		{1CF7CD3E-7B91-44D7-9150-9C8985A48FDB}.Release|Any CPU.Build.0 = Release|Any CPU
	EndGlobalSection
	GlobalSection(SolutionProperties) = preSolution
		HideSolutionNode = FALSE
	EndGlobalSection
	GlobalSection(ExtensibilityGlobals) = postSolution
		SolutionGuid = {57FA3795-FAB9-41D9-A71D-725419AAE43E}
	EndGlobalSection
EndGlobal
