
Microsoft Visual Studio Solution File, Format Version 12.00
# Visual Studio Version 17
VisualStudioVersion = 17.5.33502.453
MinimumVisualStudioVersion = 10.0.40219.1
Project("{FAE04EC0-301F-11D3-BF4B-00C04F79EFBC}") = "Ejercicio2", "Ejercicio2\Ejercicio2.csproj", "{65F09E64-8167-4974-8EBF-BD18881DEACD}"
EndProject
Global
	GlobalSection(SolutionConfigurationPlatforms) = preSolution
		Debug|Any CPU = Debug|Any CPU
		Release|Any CPU = Release|Any CPU
	EndGlobalSection
	GlobalSection(ProjectConfigurationPlatforms) = postSolution
		{65F09E64-8167-4974-8EBF-BD18881DEACD}.Debug|Any CPU.ActiveCfg = Debug|Any CPU
		{65F09E64-8167-4974-8EBF-BD18881DEACD}.Debug|Any CPU.Build.0 = Debug|Any CPU
		{65F09E64-8167-4974-8EBF-BD18881DEACD}.Release|Any CPU.ActiveCfg = Release|Any CPU
		{65F09E64-8167-4974-8EBF-BD18881DEACD}.Release|Any CPU.Build.0 = Release|Any CPU
	EndGlobalSection
	GlobalSection(SolutionProperties) = preSolution
		HideSolutionNode = FALSE
	EndGlobalSection
	GlobalSection(ExtensibilityGlobals) = postSolution
		SolutionGuid = {D7FB53A2-98AB-4CBE-A84B-047D4CBF4912}
	EndGlobalSection
EndGlobal
